
Microsoft Visual Studio Solution File, Format Version 12.00
# Visual Studio Version 17
VisualStudioVersion = 17.13.35825.156 d17.13
MinimumVisualStudioVersion = 10.0.40219.1
Project("{FAE04EC0-301F-11D3-BF4B-00C04F79EFBC}") = "Weather", "Weather\Weather.csproj", "{F571492F-AFC3-4885-AD80-3B1952C49D63}"
EndProject
Global
	GlobalSection(SolutionConfigurationPlatforms) = preSolution
		Debug|Any CPU = Debug|Any CPU
		Release|Any CPU = Release|Any CPU
	EndGlobalSection
	GlobalSection(ProjectConfigurationPlatforms) = postSolution
		{F571492F-AFC3-4885-AD80-3B1952C49D63}.Debug|Any CPU.ActiveCfg = Debug|Any CPU
		{F571492F-AFC3-4885-AD80-3B1952C49D63}.Debug|Any CPU.Build.0 = Debug|Any CPU
		{F571492F-AFC3-4885-AD80-3B1952C49D63}.Release|Any CPU.ActiveCfg = Release|Any CPU
		{F571492F-AFC3-4885-AD80-3B1952C49D63}.Release|Any CPU.Build.0 = Release|Any CPU
	EndGlobalSection
	GlobalSection(SolutionProperties) = preSolution
		HideSolutionNode = FALSE
	EndGlobalSection
	GlobalSection(ExtensibilityGlobals) = postSolution
		SolutionGuid = {B51F7A7D-547C-408D-BCA9-35F3602C6054}
	EndGlobalSection
EndGlobal
